{
  "version": 4,
  "terraform_version": "1.8.2",
  "serial": 1,
  "lineage": "4b420cf0-f596-835a-9a98-1c1678ba2105",
  "outputs": {},
  "resources": [
    {
      "mode": "data",
      "type": "google_service_account_access_token",
      "name": "default",
      "provider": "provider[\"registry.terraform.io/hashicorp/google\"].impersonation",
      "instances": [
        {
          "schema_version": 0,
          "attributes": {
            "access_token": "ya29.c.c0AY_VpZgTSOUBYWamAdKxp27Wv_7PUTCzfx620KFbiq9sNhhAU6b-zLvuQdIdyZXSENieM3M-HddZY7kSVzFz9pw-l_a-_d0jyU0r9oH5zPek7cNp0Edyp3vlGJ3QALJ7wL8GhuyMiNpCv6W2SdovAq6dMML5u5H5NltNf0VmcwoMm-d7qNX_a0PJxsyEG0FburWaY5Li-Bbznpy9r92qnMxkTjjFodXkUwM3N63gRkbNC_X7r34xfknmF2OWlVZWc8qS0xXNPhbfoZCrdKCk90qFRSiBRbvcgbkq2LgyFXqcBdVJrXFqkIwve1iTqtJ2x9HrF_tybNbfHTPq1CH78Bo4JeZf0V2-S9r0zzRHpd5w-0pA7wUupZonjvA5eHFnwKJkVTqV5A6dc7XCd7iqaXgblj_fLfEc8hgZZi9ifgM7FfSOpmHlTGGVU0trUzn_MI-Ta2PnfgHxuhFNCJ7XBjs_AdNqR83z7O1tlqb4mWxBhb9QzW3_vzxAKrQPhybPoQTj0bF2vsVcS7kQHeQ-b09jQm9dc34FWZd-PQE_hcLlKl4QgKzJY5yqu2-jQerVogiq06Dg9FjVGQCMd-0y5NVEKM5eMH_IEycMulA79B-HGNvOIEohRAsazUha8G7hMrQAhcD2JN0lioayTIErdKpv1hPYrx3WTut2L685Dgv1BqerWRfapJVRpBJtwBog_qB0e02Yvh4sR8qJfqZt3II-pJzrnVhdZj35wYwW_Ffkb71vmYm9fbmq4vlidjISwo41FxwWMuswrb1cUFwI8hrolw9Ygy0thBd074oM3orBXrxSORRdsZnVM5JBcwy2qFo1U17w9twUX2gfhiFplMB9Zw1u8WWarFb9pqt1qQRWopOZ7MrbQ-02IiQ473ia7SSmyqd2W9n5uZpS7FwUkBS2n5MeSdUIikttW3jtBcoIchxpbI0qq4xRjmlhQn_9_3UaxtXwd1buZcr6Zxwq4WB9Zf_vQqh20kX7sxxFvXyQ3ad009-IwU3",
            "delegates": null,
            "id": "projects/-/serviceAccounts/terraform@linen-hook-422021-a8.iam.gserviceaccount.com",
            "lifetime": "3600s",
            "scopes": [
              "cloud-platform",
              "userinfo-email"
            ],
            "target_service_account": "terraform@linen-hook-422021-a8.iam.gserviceaccount.com"
          },
          "sensitive_attributes": [
            [
              {
                "type": "get_attr",
                "value": "access_token"
              }
            ]
          ]
        }
      ]
    },
    {
      "mode": "managed",
      "type": "google_compute_network",
      "name": "terraform-network",
      "provider": "provider[\"registry.terraform.io/hashicorp/google\"]",
      "instances": [
        {
          "schema_version": 0,
          "attributes": {
            "auto_create_subnetworks": false,
            "delete_default_routes_on_create": false,
            "description": "",
            "enable_ula_internal_ipv6": false,
            "gateway_ipv4": "",
            "id": "projects/linen-hook-422021-a8/global/networks/terraform-network",
            "internal_ipv6_range": "",
            "mtu": 0,
            "name": "terraform-network",
            "network_firewall_policy_enforcement_order": "AFTER_CLASSIC_FIREWALL",
            "numeric_id": "2240891922700749170",
            "project": "linen-hook-422021-a8",
            "routing_mode": "REGIONAL",
            "self_link": "https://www.googleapis.com/compute/v1/projects/linen-hook-422021-a8/global/networks/terraform-network",
            "timeouts": null
          },
          "sensitive_attributes": [],
          "private": "eyJlMmJmYjczMC1lY2FhLTExZTYtOGY4OC0zNDM2M2JjN2M0YzAiOnsiY3JlYXRlIjoxMjAwMDAwMDAwMDAwLCJkZWxldGUiOjEyMDAwMDAwMDAwMDAsInVwZGF0ZSI6MTIwMDAwMDAwMDAwMH19",
          "dependencies": [
            "data.google_service_account_access_token.default"
          ]
        }
      ]
    }
  ],
  "check_results": null
}
